
Microsoft Visual Studio Solution File, Format Version 12.00
# Visual Studio Version 17
VisualStudioVersion = 17.10.34916.146
MinimumVisualStudioVersion = 10.0.40219.1
Project("{FAE04EC0-301F-11D3-BF4B-00C04F79EFBC}") = "Questao2", "Questao2\Questao2.csproj", "{BA6BDA4F-78AE-4BEA-B7E4-84D25B45F5B5}"
EndProject
Global
	GlobalSection(SolutionConfigurationPlatforms) = preSolution
		Debug|Any CPU = Debug|Any CPU
		Release|Any CPU = Release|Any CPU
	EndGlobalSection
	GlobalSection(ProjectConfigurationPlatforms) = postSolution
		{BA6BDA4F-78AE-4BEA-B7E4-84D25B45F5B5}.Debug|Any CPU.ActiveCfg = Debug|Any CPU
		{BA6BDA4F-78AE-4BEA-B7E4-84D25B45F5B5}.Debug|Any CPU.Build.0 = Debug|Any CPU
		{BA6BDA4F-78AE-4BEA-B7E4-84D25B45F5B5}.Release|Any CPU.ActiveCfg = Release|Any CPU
		{BA6BDA4F-78AE-4BEA-B7E4-84D25B45F5B5}.Release|Any CPU.Build.0 = Release|Any CPU
	EndGlobalSection
	GlobalSection(SolutionProperties) = preSolution
		HideSolutionNode = FALSE
	EndGlobalSection
	GlobalSection(ExtensibilityGlobals) = postSolution
		SolutionGuid = {92B07FB7-7376-4296-A516-C481F3070FF6}
	EndGlobalSection
EndGlobal
